
Microsoft Visual Studio Solution File, Format Version 12.00
# Visual Studio Version 17
VisualStudioVersion = 17.7.34221.43
MinimumVisualStudioVersion = 10.0.40219.1
Project("{9A19103F-16F7-4668-BE54-9A1E7A4F7556}") = "ChallengeApp", "ChallengeApp\ChallengeApp.csproj", "{FB9EC246-8F33-4CEB-877C-ED55A5269493}"
EndProject
Project("{FAE04EC0-301F-11D3-BF4B-00C04F79EFBC}") = "ChallengeApp.Tests", "ChallengeApp.Tests\ChallengeApp.Tests.csproj", "{54B2CBE1-BA99-4B3C-9186-1EF85AF8D467}"
EndProject
Global
	GlobalSection(SolutionConfigurationPlatforms) = preSolution
		Debug|Any CPU = Debug|Any CPU
		Release|Any CPU = Release|Any CPU
	EndGlobalSection
	GlobalSection(ProjectConfigurationPlatforms) = postSolution
		{FB9EC246-8F33-4CEB-877C-ED55A5269493}.Debug|Any CPU.ActiveCfg = Debug|Any CPU
		{FB9EC246-8F33-4CEB-877C-ED55A5269493}.Debug|Any CPU.Build.0 = Debug|Any CPU
		{FB9EC246-8F33-4CEB-877C-ED55A5269493}.Release|Any CPU.ActiveCfg = Release|Any CPU
		{FB9EC246-8F33-4CEB-877C-ED55A5269493}.Release|Any CPU.Build.0 = Release|Any CPU
		{54B2CBE1-BA99-4B3C-9186-1EF85AF8D467}.Debug|Any CPU.ActiveCfg = Debug|Any CPU
		{54B2CBE1-BA99-4B3C-9186-1EF85AF8D467}.Debug|Any CPU.Build.0 = Debug|Any CPU
		{54B2CBE1-BA99-4B3C-9186-1EF85AF8D467}.Release|Any CPU.ActiveCfg = Release|Any CPU
		{54B2CBE1-BA99-4B3C-9186-1EF85AF8D467}.Release|Any CPU.Build.0 = Release|Any CPU
	EndGlobalSection
	GlobalSection(SolutionProperties) = preSolution
		HideSolutionNode = FALSE
	EndGlobalSection
	GlobalSection(ExtensibilityGlobals) = postSolution
		SolutionGuid = {B1F5F1ED-300C-496F-8279-421CF5695E12}
	EndGlobalSection
EndGlobal
